
Microsoft Visual Studio Solution File, Format Version 12.00
# Visual Studio 2012
Project("{2150E333-8FDC-42A3-9474-1A3956D46DE8}") = "Creacionales", "Creacionales", "{845FC6F5-3C44-4165-A8BA-B2165D315845}"
EndProject
Project("{2150E333-8FDC-42A3-9474-1A3956D46DE8}") = "Estructurales", "Estructurales", "{783718A6-EF95-411E-8A7C-D7FDAC2AAD52}"
EndProject
Project("{2150E333-8FDC-42A3-9474-1A3956D46DE8}") = "Comportamiento", "Comportamiento", "{1E74CBF3-EE5D-4EB6-BE77-51B69415B76A}"
EndProject
Project("{FAE04EC0-301F-11D3-BF4B-00C04F79EFBC}") = "Memento", "Memento\Memento.csproj", "{BCA1EE6B-6110-44C3-AD51-A03AE0CEAF1F}"
EndProject
Project("{FAE04EC0-301F-11D3-BF4B-00C04F79EFBC}") = "Observer", "Observer\Observer.csproj", "{E559D01A-AD00-450D-9EC5-21BF5ED17541}"
EndProject
Project("{FAE04EC0-301F-11D3-BF4B-00C04F79EFBC}") = "Visitor", "Visitor\Visitor.csproj", "{A733E123-ED5C-41E7-B456-EBA444F1E531}"
EndProject
Project("{FAE04EC0-301F-11D3-BF4B-00C04F79EFBC}") = "Singleton", "Singleton\Singleton.csproj", "{67DB59A8-1D3C-4FB7-A530-5A1CA2DC2629}"
EndProject
Project("{FAE04EC0-301F-11D3-BF4B-00C04F79EFBC}") = "Abstract Factory", "Abstract Factory\Abstract Factory.csproj", "{76C537E8-1D68-45DF-B899-CDE70A7C0570}"
EndProject
Project("{FAE04EC0-301F-11D3-BF4B-00C04F79EFBC}") = "Prototype", "Prototype\Prototype.csproj", "{AB58AC1C-F1D4-4287-A342-915B94B07999}"
EndProject
Project("{FAE04EC0-301F-11D3-BF4B-00C04F79EFBC}") = "Adapter", "Adapter\Adapter.csproj", "{639186F5-44A5-4882-A710-74998B83F67F}"
EndProject
Project("{FAE04EC0-301F-11D3-BF4B-00C04F79EFBC}") = "Composite", "Composite\Composite.csproj", "{EC603EDD-32CF-4DFE-9384-9EF76C00E81C}"
EndProject
Project("{FAE04EC0-301F-11D3-BF4B-00C04F79EFBC}") = "Flyweight", "Flyweight\Flyweight.csproj", "{3E370017-8140-423F-BD55-F34B46ABDFCD}"
EndProject
Global
	GlobalSection(SolutionConfigurationPlatforms) = preSolution
		Debug|Any CPU = Debug|Any CPU
		Release|Any CPU = Release|Any CPU
	EndGlobalSection
	GlobalSection(ProjectConfigurationPlatforms) = postSolution
		{BCA1EE6B-6110-44C3-AD51-A03AE0CEAF1F}.Debug|Any CPU.ActiveCfg = Debug|Any CPU
		{BCA1EE6B-6110-44C3-AD51-A03AE0CEAF1F}.Debug|Any CPU.Build.0 = Debug|Any CPU
		{BCA1EE6B-6110-44C3-AD51-A03AE0CEAF1F}.Release|Any CPU.ActiveCfg = Release|Any CPU
		{BCA1EE6B-6110-44C3-AD51-A03AE0CEAF1F}.Release|Any CPU.Build.0 = Release|Any CPU
		{E559D01A-AD00-450D-9EC5-21BF5ED17541}.Debug|Any CPU.ActiveCfg = Debug|Any CPU
		{E559D01A-AD00-450D-9EC5-21BF5ED17541}.Debug|Any CPU.Build.0 = Debug|Any CPU
		{E559D01A-AD00-450D-9EC5-21BF5ED17541}.Release|Any CPU.ActiveCfg = Release|Any CPU
		{E559D01A-AD00-450D-9EC5-21BF5ED17541}.Release|Any CPU.Build.0 = Release|Any CPU
		{A733E123-ED5C-41E7-B456-EBA444F1E531}.Debug|Any CPU.ActiveCfg = Debug|Any CPU
		{A733E123-ED5C-41E7-B456-EBA444F1E531}.Debug|Any CPU.Build.0 = Debug|Any CPU
		{A733E123-ED5C-41E7-B456-EBA444F1E531}.Release|Any CPU.ActiveCfg = Release|Any CPU
		{A733E123-ED5C-41E7-B456-EBA444F1E531}.Release|Any CPU.Build.0 = Release|Any CPU
		{67DB59A8-1D3C-4FB7-A530-5A1CA2DC2629}.Debug|Any CPU.ActiveCfg = Debug|Any CPU
		{67DB59A8-1D3C-4FB7-A530-5A1CA2DC2629}.Debug|Any CPU.Build.0 = Debug|Any CPU
		{67DB59A8-1D3C-4FB7-A530-5A1CA2DC2629}.Release|Any CPU.ActiveCfg = Release|Any CPU
		{67DB59A8-1D3C-4FB7-A530-5A1CA2DC2629}.Release|Any CPU.Build.0 = Release|Any CPU
		{76C537E8-1D68-45DF-B899-CDE70A7C0570}.Debug|Any CPU.ActiveCfg = Debug|Any CPU
		{76C537E8-1D68-45DF-B899-CDE70A7C0570}.Debug|Any CPU.Build.0 = Debug|Any CPU
		{76C537E8-1D68-45DF-B899-CDE70A7C0570}.Release|Any CPU.ActiveCfg = Release|Any CPU
		{76C537E8-1D68-45DF-B899-CDE70A7C0570}.Release|Any CPU.Build.0 = Release|Any CPU
		{AB58AC1C-F1D4-4287-A342-915B94B07999}.Debug|Any CPU.ActiveCfg = Debug|Any CPU
		{AB58AC1C-F1D4-4287-A342-915B94B07999}.Debug|Any CPU.Build.0 = Debug|Any CPU
		{AB58AC1C-F1D4-4287-A342-915B94B07999}.Release|Any CPU.ActiveCfg = Release|Any CPU
		{AB58AC1C-F1D4-4287-A342-915B94B07999}.Release|Any CPU.Build.0 = Release|Any CPU
		{639186F5-44A5-4882-A710-74998B83F67F}.Debug|Any CPU.ActiveCfg = Debug|Any CPU
		{639186F5-44A5-4882-A710-74998B83F67F}.Debug|Any CPU.Build.0 = Debug|Any CPU
		{639186F5-44A5-4882-A710-74998B83F67F}.Release|Any CPU.ActiveCfg = Release|Any CPU
		{639186F5-44A5-4882-A710-74998B83F67F}.Release|Any CPU.Build.0 = Release|Any CPU
		{EC603EDD-32CF-4DFE-9384-9EF76C00E81C}.Debug|Any CPU.ActiveCfg = Debug|Any CPU
		{EC603EDD-32CF-4DFE-9384-9EF76C00E81C}.Debug|Any CPU.Build.0 = Debug|Any CPU
		{EC603EDD-32CF-4DFE-9384-9EF76C00E81C}.Release|Any CPU.ActiveCfg = Release|Any CPU
		{EC603EDD-32CF-4DFE-9384-9EF76C00E81C}.Release|Any CPU.Build.0 = Release|Any CPU
		{3E370017-8140-423F-BD55-F34B46ABDFCD}.Debug|Any CPU.ActiveCfg = Debug|Any CPU
		{3E370017-8140-423F-BD55-F34B46ABDFCD}.Debug|Any CPU.Build.0 = Debug|Any CPU
		{3E370017-8140-423F-BD55-F34B46ABDFCD}.Release|Any CPU.ActiveCfg = Release|Any CPU
		{3E370017-8140-423F-BD55-F34B46ABDFCD}.Release|Any CPU.Build.0 = Release|Any CPU
	EndGlobalSection
	GlobalSection(SolutionProperties) = preSolution
		HideSolutionNode = FALSE
	EndGlobalSection
	GlobalSection(NestedProjects) = preSolution
		{67DB59A8-1D3C-4FB7-A530-5A1CA2DC2629} = {845FC6F5-3C44-4165-A8BA-B2165D315845}
		{76C537E8-1D68-45DF-B899-CDE70A7C0570} = {845FC6F5-3C44-4165-A8BA-B2165D315845}
		{AB58AC1C-F1D4-4287-A342-915B94B07999} = {845FC6F5-3C44-4165-A8BA-B2165D315845}
		{639186F5-44A5-4882-A710-74998B83F67F} = {783718A6-EF95-411E-8A7C-D7FDAC2AAD52}
		{EC603EDD-32CF-4DFE-9384-9EF76C00E81C} = {783718A6-EF95-411E-8A7C-D7FDAC2AAD52}
		{3E370017-8140-423F-BD55-F34B46ABDFCD} = {783718A6-EF95-411E-8A7C-D7FDAC2AAD52}
		{BCA1EE6B-6110-44C3-AD51-A03AE0CEAF1F} = {1E74CBF3-EE5D-4EB6-BE77-51B69415B76A}
		{E559D01A-AD00-450D-9EC5-21BF5ED17541} = {1E74CBF3-EE5D-4EB6-BE77-51B69415B76A}
		{A733E123-ED5C-41E7-B456-EBA444F1E531} = {1E74CBF3-EE5D-4EB6-BE77-51B69415B76A}
	EndGlobalSection
EndGlobal
